// !$*UTF8*$!
{
	archiveVersion = 1;
	classes = {
	};
	objectVersion = 56;
	objects = {

/* Begin PBXBuildFile section */
		69D8F47F2B493642007B62EE /* OzanViewController.swift in Sources */ = {isa = PBXBuildFile; fileRef = 69D8F47E2B493642007B62EE /* OzanViewController.swift */; };
		CF7350CE2B4178DD004EB544 /* AppDelegate.swift in Sources */ = {isa = PBXBuildFile; fileRef = CF7350CD2B4178DD004EB544 /* AppDelegate.swift */; };
		CF7350D02B4178DD004EB544 /* SceneDelegate.swift in Sources */ = {isa = PBXBuildFile; fileRef = CF7350CF2B4178DD004EB544 /* SceneDelegate.swift */; };
		CF7350D22B4178DD004EB544 /* ViewController.swift in Sources */ = {isa = PBXBuildFile; fileRef = CF7350D12B4178DD004EB544 /* ViewController.swift */; };
		CF7350D52B4178DD004EB544 /* Main.storyboard in Resources */ = {isa = PBXBuildFile; fileRef = CF7350D32B4178DD004EB544 /* Main.storyboard */; };
		CF7350D72B4178DE004EB544 /* Assets.xcassets in Resources */ = {isa = PBXBuildFile; fileRef = CF7350D62B4178DE004EB544 /* Assets.xcassets */; };
		CF7350DA2B4178DE004EB544 /* LaunchScreen.storyboard in Resources */ = {isa = PBXBuildFile; fileRef = CF7350D82B4178DE004EB544 /* LaunchScreen.storyboard */; };
		CF7F99B12B493610008C14FE /* OmerViewController.swift in Sources */ = {isa = PBXBuildFile; fileRef = CF7F99B02B493610008C14FE /* OmerViewController.swift */; };
/* End PBXBuildFile section */

/* Begin PBXFileReference section */
		69D8F47E2B493642007B62EE /* OzanViewController.swift */ = {isa = PBXFileReference; lastKnownFileType = sourcecode.swift; path = OzanViewController.swift; sourceTree = "<group>"; };
		CF7350CA2B4178DD004EB544 /* YZL3401-Proje1.app */ = {isa = PBXFileReference; explicitFileType = wrapper.application; includeInIndex = 0; path = "YZL3401-Proje1.app"; sourceTree = BUILT_PRODUCTS_DIR; };
		CF7350CD2B4178DD004EB544 /* AppDelegate.swift */ = {isa = PBXFileReference; lastKnownFileType = sourcecode.swift; path = AppDelegate.swift; sourceTree = "<group>"; };
		CF7350CF2B4178DD004EB544 /* SceneDelegate.swift */ = {isa = PBXFileReference; lastKnownFileType = sourcecode.swift; path = SceneDelegate.swift; sourceTree = "<group>"; };
		CF7350D12B4178DD004EB544 /* ViewController.swift */ = {isa = PBXFileReference; lastKnownFileType = sourcecode.swift; path = ViewController.swift; sourceTree = "<group>"; };
		CF7350D42B4178DD004EB544 /* Base */ = {isa = PBXFileReference; lastKnownFileType = file.storyboard; name = Base; path = Base.lproj/Main.storyboard; sourceTree = "<group>"; };
		CF7350D62B4178DE004EB544 /* Assets.xcassets */ = {isa = PBXFileReference; lastKnownFileType = folder.assetcatalog; path = Assets.xcassets; sourceTree = "<group>"; };
		CF7350D92B4178DE004EB544 /* Base */ = {isa = PBXFileReference; lastKnownFileType = file.storyboard; name = Base; path = Base.lproj/LaunchScreen.storyboard; sourceTree = "<group>"; };
		CF7350DB2B4178DE004EB544 /* Info.plist */ = {isa = PBXFileReference; lastKnownFileType = text.plist.xml; path = Info.plist; sourceTree = "<group>"; };
		CF7F99B02B493610008C14FE /* OmerViewController.swift */ = {isa = PBXFileReference; lastKnownFileType = sourcecode.swift; path = OmerViewController.swift; sourceTree = "<group>"; };
/* End PBXFileReference section */

/* Begin PBXFrameworksBuildPhase section */
		CF7350C72B4178DD004EB544 /* Frameworks */ = {
			isa = PBXFrameworksBuildPhase;
			buildActionMask = 2147483647;
			files = (
			);
			runOnlyForDeploymentPostprocessing = 0;
		};
/* End PBXFrameworksBuildPhase section */

/* Begin PBXGroup section */
		69D8F47D2B4935F5007B62EE /* Ozan */ = {
			isa = PBXGroup;
			children = (
				69D8F47E2B493642007B62EE /* OzanViewController.swift */,
			);
			path = Ozan;
			sourceTree = "<group>";
		};
		CF7350C12B4178DD004EB544 = {
			isa = PBXGroup;
			children = (
				CF7350CC2B4178DD004EB544 /* YZL3401-Proje1 */,
				CF7350CB2B4178DD004EB544 /* Products */,
			);
			sourceTree = "<group>";
		};
		CF7350CB2B4178DD004EB544 /* Products */ = {
			isa = PBXGroup;
			children = (
				CF7350CA2B4178DD004EB544 /* YZL3401-Proje1.app */,
			);
			name = Products;
			sourceTree = "<group>";
		};
		CF7350CC2B4178DD004EB544 /* YZL3401-Proje1 */ = {
			isa = PBXGroup;
			children = (
<<<<<<< HEAD
				69D8F47D2B4935F5007B62EE /* Ozan */,
=======
				CF7F99AF2B4935D9008C14FE /* Omer */,
>>>>>>> a6c917f0db5f2aea3e4f9bc339f9be698597b8ac
				CF7350CD2B4178DD004EB544 /* AppDelegate.swift */,
				CF7350CF2B4178DD004EB544 /* SceneDelegate.swift */,
				CF7350D12B4178DD004EB544 /* ViewController.swift */,
				CF7350D32B4178DD004EB544 /* Main.storyboard */,
				CF7350D62B4178DE004EB544 /* Assets.xcassets */,
				CF7350D82B4178DE004EB544 /* LaunchScreen.storyboard */,
				CF7350DB2B4178DE004EB544 /* Info.plist */,
			);
			path = "YZL3401-Proje1";
			sourceTree = "<group>";
		};
		CF7F99AF2B4935D9008C14FE /* Omer */ = {
			isa = PBXGroup;
			children = (
				CF7F99B02B493610008C14FE /* OmerViewController.swift */,
			);
			path = Omer;
			sourceTree = "<group>";
		};
/* End PBXGroup section */

/* Begin PBXNativeTarget section */
		CF7350C92B4178DD004EB544 /* YZL3401-Proje1 */ = {
			isa = PBXNativeTarget;
			buildConfigurationList = CF7350DE2B4178DE004EB544 /* Build configuration list for PBXNativeTarget "YZL3401-Proje1" */;
			buildPhases = (
				CF7350C62B4178DD004EB544 /* Sources */,
				CF7350C72B4178DD004EB544 /* Frameworks */,
				CF7350C82B4178DD004EB544 /* Resources */,
			);
			buildRules = (
			);
			dependencies = (
			);
			name = "YZL3401-Proje1";
			productName = "YZL3401-Proje1";
			productReference = CF7350CA2B4178DD004EB544 /* YZL3401-Proje1.app */;
			productType = "com.apple.product-type.application";
		};
/* End PBXNativeTarget section */

/* Begin PBXProject section */
		CF7350C22B4178DD004EB544 /* Project object */ = {
			isa = PBXProject;
			attributes = {
				BuildIndependentTargetsInParallel = 1;
				LastSwiftUpdateCheck = 1510;
				LastUpgradeCheck = 1510;
				TargetAttributes = {
					CF7350C92B4178DD004EB544 = {
						CreatedOnToolsVersion = 15.1;
					};
				};
			};
			buildConfigurationList = CF7350C52B4178DD004EB544 /* Build configuration list for PBXProject "YZL3401-Proje1" */;
			compatibilityVersion = "Xcode 14.0";
			developmentRegion = en;
			hasScannedForEncodings = 0;
			knownRegions = (
				en,
				Base,
			);
			mainGroup = CF7350C12B4178DD004EB544;
			productRefGroup = CF7350CB2B4178DD004EB544 /* Products */;
			projectDirPath = "";
			projectRoot = "";
			targets = (
				CF7350C92B4178DD004EB544 /* YZL3401-Proje1 */,
			);
		};
/* End PBXProject section */

/* Begin PBXResourcesBuildPhase section */
		CF7350C82B4178DD004EB544 /* Resources */ = {
			isa = PBXResourcesBuildPhase;
			buildActionMask = 2147483647;
			files = (
				CF7350DA2B4178DE004EB544 /* LaunchScreen.storyboard in Resources */,
				CF7350D72B4178DE004EB544 /* Assets.xcassets in Resources */,
				CF7350D52B4178DD004EB544 /* Main.storyboard in Resources */,
			);
			runOnlyForDeploymentPostprocessing = 0;
		};
/* End PBXResourcesBuildPhase section */

/* Begin PBXSourcesBuildPhase section */
		CF7350C62B4178DD004EB544 /* Sources */ = {
			isa = PBXSourcesBuildPhase;
			buildActionMask = 2147483647;
			files = (
				CF7350D22B4178DD004EB544 /* ViewController.swift in Sources */,
				CF7F99B12B493610008C14FE /* OmerViewController.swift in Sources */,
				CF7350CE2B4178DD004EB544 /* AppDelegate.swift in Sources */,
				69D8F47F2B493642007B62EE /* OzanViewController.swift in Sources */,
				CF7350D02B4178DD004EB544 /* SceneDelegate.swift in Sources */,
			);
			runOnlyForDeploymentPostprocessing = 0;
		};
/* End PBXSourcesBuildPhase section */

/* Begin PBXVariantGroup section */
		CF7350D32B4178DD004EB544 /* Main.storyboard */ = {
			isa = PBXVariantGroup;
			children = (
				CF7350D42B4178DD004EB544 /* Base */,
			);
			name = Main.storyboard;
			sourceTree = "<group>";
		};
		CF7350D82B4178DE004EB544 /* LaunchScreen.storyboard */ = {
			isa = PBXVariantGroup;
			children = (
				CF7350D92B4178DE004EB544 /* Base */,
			);
			name = LaunchScreen.storyboard;
			sourceTree = "<group>";
		};
/* End PBXVariantGroup section */

/* Begin XCBuildConfiguration section */
		CF7350DC2B4178DE004EB544 /* Debug */ = {
			isa = XCBuildConfiguration;
			buildSettings = {
				ALWAYS_SEARCH_USER_PATHS = NO;
				ASSETCATALOG_COMPILER_GENERATE_SWIFT_ASSET_SYMBOL_EXTENSIONS = YES;
				CLANG_ANALYZER_NONNULL = YES;
				CLANG_ANALYZER_NUMBER_OBJECT_CONVERSION = YES_AGGRESSIVE;
				CLANG_CXX_LANGUAGE_STANDARD = "gnu++20";
				CLANG_ENABLE_MODULES = YES;
				CLANG_ENABLE_OBJC_ARC = YES;
				CLANG_ENABLE_OBJC_WEAK = YES;
				CLANG_WARN_BLOCK_CAPTURE_AUTORELEASING = YES;
				CLANG_WARN_BOOL_CONVERSION = YES;
				CLANG_WARN_COMMA = YES;
				CLANG_WARN_CONSTANT_CONVERSION = YES;
				CLANG_WARN_DEPRECATED_OBJC_IMPLEMENTATIONS = YES;
				CLANG_WARN_DIRECT_OBJC_ISA_USAGE = YES_ERROR;
				CLANG_WARN_DOCUMENTATION_COMMENTS = YES;
				CLANG_WARN_EMPTY_BODY = YES;
				CLANG_WARN_ENUM_CONVERSION = YES;
				CLANG_WARN_INFINITE_RECURSION = YES;
				CLANG_WARN_INT_CONVERSION = YES;
				CLANG_WARN_NON_LITERAL_NULL_CONVERSION = YES;
				CLANG_WARN_OBJC_IMPLICIT_RETAIN_SELF = YES;
				CLANG_WARN_OBJC_LITERAL_CONVERSION = YES;
				CLANG_WARN_OBJC_ROOT_CLASS = YES_ERROR;
				CLANG_WARN_QUOTED_INCLUDE_IN_FRAMEWORK_HEADER = YES;
				CLANG_WARN_RANGE_LOOP_ANALYSIS = YES;
				CLANG_WARN_STRICT_PROTOTYPES = YES;
				CLANG_WARN_SUSPICIOUS_MOVE = YES;
				CLANG_WARN_UNGUARDED_AVAILABILITY = YES_AGGRESSIVE;
				CLANG_WARN_UNREACHABLE_CODE = YES;
				CLANG_WARN__DUPLICATE_METHOD_MATCH = YES;
				COPY_PHASE_STRIP = NO;
				DEBUG_INFORMATION_FORMAT = dwarf;
				ENABLE_STRICT_OBJC_MSGSEND = YES;
				ENABLE_TESTABILITY = YES;
				ENABLE_USER_SCRIPT_SANDBOXING = YES;
				GCC_C_LANGUAGE_STANDARD = gnu17;
				GCC_DYNAMIC_NO_PIC = NO;
				GCC_NO_COMMON_BLOCKS = YES;
				GCC_OPTIMIZATION_LEVEL = 0;
				GCC_PREPROCESSOR_DEFINITIONS = (
					"DEBUG=1",
					"$(inherited)",
				);
				GCC_WARN_64_TO_32_BIT_CONVERSION = YES;
				GCC_WARN_ABOUT_RETURN_TYPE = YES_ERROR;
				GCC_WARN_UNDECLARED_SELECTOR = YES;
				GCC_WARN_UNINITIALIZED_AUTOS = YES_AGGRESSIVE;
				GCC_WARN_UNUSED_FUNCTION = YES;
				GCC_WARN_UNUSED_VARIABLE = YES;
				IPHONEOS_DEPLOYMENT_TARGET = 17.2;
				LOCALIZATION_PREFERS_STRING_CATALOGS = YES;
				MTL_ENABLE_DEBUG_INFO = INCLUDE_SOURCE;
				MTL_FAST_MATH = YES;
				ONLY_ACTIVE_ARCH = YES;
				SDKROOT = iphoneos;
				SWIFT_ACTIVE_COMPILATION_CONDITIONS = "DEBUG $(inherited)";
				SWIFT_OPTIMIZATION_LEVEL = "-Onone";
			};
			name = Debug;
		};
		CF7350DD2B4178DE004EB544 /* Release */ = {
			isa = XCBuildConfiguration;
			buildSettings = {
				ALWAYS_SEARCH_USER_PATHS = NO;
				ASSETCATALOG_COMPILER_GENERATE_SWIFT_ASSET_SYMBOL_EXTENSIONS = YES;
				CLANG_ANALYZER_NONNULL = YES;
				CLANG_ANALYZER_NUMBER_OBJECT_CONVERSION = YES_AGGRESSIVE;
				CLANG_CXX_LANGUAGE_STANDARD = "gnu++20";
				CLANG_ENABLE_MODULES = YES;
				CLANG_ENABLE_OBJC_ARC = YES;
				CLANG_ENABLE_OBJC_WEAK = YES;
				CLANG_WARN_BLOCK_CAPTURE_AUTORELEASING = YES;
				CLANG_WARN_BOOL_CONVERSION = YES;
				CLANG_WARN_COMMA = YES;
				CLANG_WARN_CONSTANT_CONVERSION = YES;
				CLANG_WARN_DEPRECATED_OBJC_IMPLEMENTATIONS = YES;
				CLANG_WARN_DIRECT_OBJC_ISA_USAGE = YES_ERROR;
				CLANG_WARN_DOCUMENTATION_COMMENTS = YES;
				CLANG_WARN_EMPTY_BODY = YES;
				CLANG_WARN_ENUM_CONVERSION = YES;
				CLANG_WARN_INFINITE_RECURSION = YES;
				CLANG_WARN_INT_CONVERSION = YES;
				CLANG_WARN_NON_LITERAL_NULL_CONVERSION = YES;
				CLANG_WARN_OBJC_IMPLICIT_RETAIN_SELF = YES;
				CLANG_WARN_OBJC_LITERAL_CONVERSION = YES;
				CLANG_WARN_OBJC_ROOT_CLASS = YES_ERROR;
				CLANG_WARN_QUOTED_INCLUDE_IN_FRAMEWORK_HEADER = YES;
				CLANG_WARN_RANGE_LOOP_ANALYSIS = YES;
				CLANG_WARN_STRICT_PROTOTYPES = YES;
				CLANG_WARN_SUSPICIOUS_MOVE = YES;
				CLANG_WARN_UNGUARDED_AVAILABILITY = YES_AGGRESSIVE;
				CLANG_WARN_UNREACHABLE_CODE = YES;
				CLANG_WARN__DUPLICATE_METHOD_MATCH = YES;
				COPY_PHASE_STRIP = NO;
				DEBUG_INFORMATION_FORMAT = "dwarf-with-dsym";
				ENABLE_NS_ASSERTIONS = NO;
				ENABLE_STRICT_OBJC_MSGSEND = YES;
				ENABLE_USER_SCRIPT_SANDBOXING = YES;
				GCC_C_LANGUAGE_STANDARD = gnu17;
				GCC_NO_COMMON_BLOCKS = YES;
				GCC_WARN_64_TO_32_BIT_CONVERSION = YES;
				GCC_WARN_ABOUT_RETURN_TYPE = YES_ERROR;
				GCC_WARN_UNDECLARED_SELECTOR = YES;
				GCC_WARN_UNINITIALIZED_AUTOS = YES_AGGRESSIVE;
				GCC_WARN_UNUSED_FUNCTION = YES;
				GCC_WARN_UNUSED_VARIABLE = YES;
				IPHONEOS_DEPLOYMENT_TARGET = 17.2;
				LOCALIZATION_PREFERS_STRING_CATALOGS = YES;
				MTL_ENABLE_DEBUG_INFO = NO;
				MTL_FAST_MATH = YES;
				SDKROOT = iphoneos;
				SWIFT_COMPILATION_MODE = wholemodule;
				VALIDATE_PRODUCT = YES;
			};
			name = Release;
		};
		CF7350DF2B4178DE004EB544 /* Debug */ = {
			isa = XCBuildConfiguration;
			buildSettings = {
				ASSETCATALOG_COMPILER_APPICON_NAME = AppIcon;
				ASSETCATALOG_COMPILER_GLOBAL_ACCENT_COLOR_NAME = AccentColor;
				CODE_SIGN_STYLE = Automatic;
				CURRENT_PROJECT_VERSION = 1;
				GENERATE_INFOPLIST_FILE = YES;
				INFOPLIST_FILE = "YZL3401-Proje1/Info.plist";
				INFOPLIST_KEY_UIApplicationSupportsIndirectInputEvents = YES;
				INFOPLIST_KEY_UILaunchStoryboardName = LaunchScreen;
				INFOPLIST_KEY_UIMainStoryboardFile = Main;
				INFOPLIST_KEY_UISupportedInterfaceOrientations_iPad = "UIInterfaceOrientationPortrait UIInterfaceOrientationPortraitUpsideDown UIInterfaceOrientationLandscapeLeft UIInterfaceOrientationLandscapeRight";
				INFOPLIST_KEY_UISupportedInterfaceOrientations_iPhone = "UIInterfaceOrientationPortrait UIInterfaceOrientationLandscapeLeft UIInterfaceOrientationLandscapeRight";
				LD_RUNPATH_SEARCH_PATHS = (
					"$(inherited)",
					"@executable_path/Frameworks",
				);
				MARKETING_VERSION = 1.0;
				PRODUCT_BUNDLE_IDENTIFIER = "OmerSaitoglu.YZL3401-Proje1";
				PRODUCT_NAME = "$(TARGET_NAME)";
				SWIFT_EMIT_LOC_STRINGS = YES;
				SWIFT_VERSION = 5.0;
				TARGETED_DEVICE_FAMILY = "1,2";
			};
			name = Debug;
		};
		CF7350E02B4178DE004EB544 /* Release */ = {
			isa = XCBuildConfiguration;
			buildSettings = {
				ASSETCATALOG_COMPILER_APPICON_NAME = AppIcon;
				ASSETCATALOG_COMPILER_GLOBAL_ACCENT_COLOR_NAME = AccentColor;
				CODE_SIGN_STYLE = Automatic;
				CURRENT_PROJECT_VERSION = 1;
				GENERATE_INFOPLIST_FILE = YES;
				INFOPLIST_FILE = "YZL3401-Proje1/Info.plist";
				INFOPLIST_KEY_UIApplicationSupportsIndirectInputEvents = YES;
				INFOPLIST_KEY_UILaunchStoryboardName = LaunchScreen;
				INFOPLIST_KEY_UIMainStoryboardFile = Main;
				INFOPLIST_KEY_UISupportedInterfaceOrientations_iPad = "UIInterfaceOrientationPortrait UIInterfaceOrientationPortraitUpsideDown UIInterfaceOrientationLandscapeLeft UIInterfaceOrientationLandscapeRight";
				INFOPLIST_KEY_UISupportedInterfaceOrientations_iPhone = "UIInterfaceOrientationPortrait UIInterfaceOrientationLandscapeLeft UIInterfaceOrientationLandscapeRight";
				LD_RUNPATH_SEARCH_PATHS = (
					"$(inherited)",
					"@executable_path/Frameworks",
				);
				MARKETING_VERSION = 1.0;
				PRODUCT_BUNDLE_IDENTIFIER = "OmerSaitoglu.YZL3401-Proje1";
				PRODUCT_NAME = "$(TARGET_NAME)";
				SWIFT_EMIT_LOC_STRINGS = YES;
				SWIFT_VERSION = 5.0;
				TARGETED_DEVICE_FAMILY = "1,2";
			};
			name = Release;
		};
/* End XCBuildConfiguration section */

/* Begin XCConfigurationList section */
		CF7350C52B4178DD004EB544 /* Build configuration list for PBXProject "YZL3401-Proje1" */ = {
			isa = XCConfigurationList;
			buildConfigurations = (
				CF7350DC2B4178DE004EB544 /* Debug */,
				CF7350DD2B4178DE004EB544 /* Release */,
			);
			defaultConfigurationIsVisible = 0;
			defaultConfigurationName = Release;
		};
		CF7350DE2B4178DE004EB544 /* Build configuration list for PBXNativeTarget "YZL3401-Proje1" */ = {
			isa = XCConfigurationList;
			buildConfigurations = (
				CF7350DF2B4178DE004EB544 /* Debug */,
				CF7350E02B4178DE004EB544 /* Release */,
			);
			defaultConfigurationIsVisible = 0;
			defaultConfigurationName = Release;
		};
/* End XCConfigurationList section */
	};
	rootObject = CF7350C22B4178DD004EB544 /* Project object */;
}
